
Microsoft Visual Studio Solution File, Format Version 12.00
# Visual Studio Version 17
VisualStudioVersion = 17.7.34221.43
MinimumVisualStudioVersion = 10.0.40219.1
Project("{9A19103F-16F7-4668-BE54-9A1E7A4F7556}") = "UI", "UI\UI.csproj", "{454564D7-30EA-46B4-9952-24598DE88587}"
EndProject
Project("{9A19103F-16F7-4668-BE54-9A1E7A4F7556}") = "BLL", "BLL\BLL.csproj", "{116C3450-5036-4195-A84F-BE130A99CF48}"
EndProject
Project("{FAE04EC0-301F-11D3-BF4B-00C04F79EFBC}") = "DAL", "DAL\DAL.csproj", "{AFE8B95E-4807-4326-889B-C426C64700DA}"
EndProject
Project("{FAE04EC0-301F-11D3-BF4B-00C04F79EFBC}") = "DependencyInjectionManager", "DependencyInjectionManager\DependencyInjectionManager.csproj", "{266682F7-6D00-47BC-BE71-08013D84F941}"
EndProject
Global
	GlobalSection(SolutionConfigurationPlatforms) = preSolution
		Debug|Any CPU = Debug|Any CPU
		Release|Any CPU = Release|Any CPU
	EndGlobalSection
	GlobalSection(ProjectConfigurationPlatforms) = postSolution
		{454564D7-30EA-46B4-9952-24598DE88587}.Debug|Any CPU.ActiveCfg = Debug|Any CPU
		{454564D7-30EA-46B4-9952-24598DE88587}.Debug|Any CPU.Build.0 = Debug|Any CPU
		{454564D7-30EA-46B4-9952-24598DE88587}.Release|Any CPU.ActiveCfg = Release|Any CPU
		{454564D7-30EA-46B4-9952-24598DE88587}.Release|Any CPU.Build.0 = Release|Any CPU
		{116C3450-5036-4195-A84F-BE130A99CF48}.Debug|Any CPU.ActiveCfg = Debug|Any CPU
		{116C3450-5036-4195-A84F-BE130A99CF48}.Debug|Any CPU.Build.0 = Debug|Any CPU
		{116C3450-5036-4195-A84F-BE130A99CF48}.Release|Any CPU.ActiveCfg = Release|Any CPU
		{116C3450-5036-4195-A84F-BE130A99CF48}.Release|Any CPU.Build.0 = Release|Any CPU
		{AFE8B95E-4807-4326-889B-C426C64700DA}.Debug|Any CPU.ActiveCfg = Debug|Any CPU
		{AFE8B95E-4807-4326-889B-C426C64700DA}.Debug|Any CPU.Build.0 = Debug|Any CPU
		{AFE8B95E-4807-4326-889B-C426C64700DA}.Release|Any CPU.ActiveCfg = Release|Any CPU
		{AFE8B95E-4807-4326-889B-C426C64700DA}.Release|Any CPU.Build.0 = Release|Any CPU
		{266682F7-6D00-47BC-BE71-08013D84F941}.Debug|Any CPU.ActiveCfg = Debug|Any CPU
		{266682F7-6D00-47BC-BE71-08013D84F941}.Debug|Any CPU.Build.0 = Debug|Any CPU
		{266682F7-6D00-47BC-BE71-08013D84F941}.Release|Any CPU.ActiveCfg = Release|Any CPU
		{266682F7-6D00-47BC-BE71-08013D84F941}.Release|Any CPU.Build.0 = Release|Any CPU
	EndGlobalSection
	GlobalSection(SolutionProperties) = preSolution
		HideSolutionNode = FALSE
	EndGlobalSection
	GlobalSection(ExtensibilityGlobals) = postSolution
		SolutionGuid = {EB348175-F6A1-429D-B661-A2137AA63D90}
	EndGlobalSection
EndGlobal
